
Microsoft Visual Studio Solution File, Format Version 12.00
# Visual Studio Version 16
VisualStudioVersion = 16.0.31402.337
MinimumVisualStudioVersion = 10.0.40219.1
Project("{FAE04EC0-301F-11D3-BF4B-00C04F79EFBC}") = "MyKoloWebApi", "MyKoloWebApi.csproj", "{302E318D-27ED-45C2-8DA2-C8E9BCCBBBFA}"
EndProject
Global
	GlobalSection(SolutionConfigurationPlatforms) = preSolution
		Debug|Any CPU = Debug|Any CPU
		Release|Any CPU = Release|Any CPU
	EndGlobalSection
	GlobalSection(ProjectConfigurationPlatforms) = postSolution
		{302E318D-27ED-45C2-8DA2-C8E9BCCBBBFA}.Debug|Any CPU.ActiveCfg = Debug|Any CPU
		{302E318D-27ED-45C2-8DA2-C8E9BCCBBBFA}.Debug|Any CPU.Build.0 = Debug|Any CPU
		{302E318D-27ED-45C2-8DA2-C8E9BCCBBBFA}.Release|Any CPU.ActiveCfg = Release|Any CPU
		{302E318D-27ED-45C2-8DA2-C8E9BCCBBBFA}.Release|Any CPU.Build.0 = Release|Any CPU
	EndGlobalSection
	GlobalSection(SolutionProperties) = preSolution
		HideSolutionNode = FALSE
	EndGlobalSection
	GlobalSection(ExtensibilityGlobals) = postSolution
		SolutionGuid = {0126C03B-B615-406E-B3E3-EAB5A4D491E3}
	EndGlobalSection
EndGlobal
